// !$*UTF8*$!
{
	archiveVersion = 1;
	classes = {
	};
	objectVersion = 46;
	objects = {

/* Begin PBXBuildFile section */
		2EF423110536FA1BE9F3D026 /* Pods_KataSuperHeroesTests.framework in Frameworks */ = {isa = PBXBuildFile; fileRef = 52BB6D7EC1A35D967ACA058D /* Pods_KataSuperHeroesTests.framework */; };
		49538C4021F754160018AAC9 /* KataSuperHeroesStoryboard.swift in Sources */ = {isa = PBXBuildFile; fileRef = 49538C3F21F754150018AAC9 /* KataSuperHeroesStoryboard.swift */; };
		49538C4321F754210018AAC9 /* SuperHeroesTableDataSource.swift in Sources */ = {isa = PBXBuildFile; fileRef = 49538C4121F754210018AAC9 /* SuperHeroesTableDataSource.swift */; };
		49538C4421F754210018AAC9 /* SuperHeroesTableViewDelegate.swift in Sources */ = {isa = PBXBuildFile; fileRef = 49538C4221F754210018AAC9 /* SuperHeroesTableViewDelegate.swift */; };
		49538C4821F754320018AAC9 /* LoadingView.swift in Sources */ = {isa = PBXBuildFile; fileRef = 49538C4621F754320018AAC9 /* LoadingView.swift */; };
		49538C4921F754320018AAC9 /* LoadingView.xib in Resources */ = {isa = PBXBuildFile; fileRef = 49538C4721F754320018AAC9 /* LoadingView.xib */; };
		EB8705FF1C46508E00B66C19 /* XCTestCase.swift in Sources */ = {isa = PBXBuildFile; fileRef = EB8705FE1C46508E00B66C19 /* XCTestCase.swift */; };
		EB8706011C46510300B66C19 /* KIFTestActor.swift in Sources */ = {isa = PBXBuildFile; fileRef = EB8706001C46510300B66C19 /* KIFTestActor.swift */; };
		EB8706031C46513E00B66C19 /* SuperHeroesViewControllerTests.swift in Sources */ = {isa = PBXBuildFile; fileRef = EB8706021C46513E00B66C19 /* SuperHeroesViewControllerTests.swift */; };
		EB8706051C4653AC00B66C19 /* AcceptanceTestCase.swift in Sources */ = {isa = PBXBuildFile; fileRef = EB8706041C4653AC00B66C19 /* AcceptanceTestCase.swift */; };
		EB8706091C4656C800B66C19 /* MockSuperHeroesRepository.swift in Sources */ = {isa = PBXBuildFile; fileRef = EB8706081C4656C800B66C19 /* MockSuperHeroesRepository.swift */; };
		EBC230751C45016A007D5068 /* AppDelegate.swift in Sources */ = {isa = PBXBuildFile; fileRef = EBC230741C45016A007D5068 /* AppDelegate.swift */; };
		EBC230771C45016A007D5068 /* SuperHeroesViewController.swift in Sources */ = {isa = PBXBuildFile; fileRef = EBC230761C45016A007D5068 /* SuperHeroesViewController.swift */; };
		EBC2307A1C45016A007D5068 /* SuperHeroes.storyboard in Resources */ = {isa = PBXBuildFile; fileRef = EBC230781C45016A007D5068 /* SuperHeroes.storyboard */; };
		EBC2307C1C45016A007D5068 /* Assets.xcassets in Resources */ = {isa = PBXBuildFile; fileRef = EBC2307B1C45016A007D5068 /* Assets.xcassets */; };
		EBC2307F1C45016A007D5068 /* LaunchScreen.storyboard in Resources */ = {isa = PBXBuildFile; fileRef = EBC2307D1C45016A007D5068 /* LaunchScreen.storyboard */; };
		EBDB2D091C4560D0001FC84B /* SuperHeroDetailViewController.swift in Sources */ = {isa = PBXBuildFile; fileRef = EBDB2D081C4560D0001FC84B /* SuperHeroDetailViewController.swift */; };
		EBDB2D0B1C456129001FC84B /* SuperHeroDetailPresenter.swift in Sources */ = {isa = PBXBuildFile; fileRef = EBDB2D0A1C456129001FC84B /* SuperHeroDetailPresenter.swift */; };
		EBDB2D0D1C456410001FC84B /* GetSuperHeroByName.swift in Sources */ = {isa = PBXBuildFile; fileRef = EBDB2D0C1C456410001FC84B /* GetSuperHeroByName.swift */; };
		EBDE9B791C4518EE00E4B4C2 /* ServiceLocator.swift in Sources */ = {isa = PBXBuildFile; fileRef = EBDE9B781C4518EE00E4B4C2 /* ServiceLocator.swift */; };
		EBDE9B7C1C4519A400E4B4C2 /* UIColor.swift in Sources */ = {isa = PBXBuildFile; fileRef = EBDE9B7B1C4519A400E4B4C2 /* UIColor.swift */; };
		EBDE9B821C451CBB00E4B4C2 /* GetSuperHeroes.swift in Sources */ = {isa = PBXBuildFile; fileRef = EBDE9B811C451CBB00E4B4C2 /* GetSuperHeroes.swift */; };
		EBDE9B841C451CE500E4B4C2 /* SuperHeroesPresenter.swift in Sources */ = {isa = PBXBuildFile; fileRef = EBDE9B831C451CE500E4B4C2 /* SuperHeroesPresenter.swift */; };
		EBDE9B871C4539B800E4B4C2 /* KataSuperHeroesViewController.swift in Sources */ = {isa = PBXBuildFile; fileRef = EBDE9B861C4539B800E4B4C2 /* KataSuperHeroesViewController.swift */; };
		EBDE9B891C453AEA00E4B4C2 /* SuperHero.swift in Sources */ = {isa = PBXBuildFile; fileRef = EBDE9B881C453AEA00E4B4C2 /* SuperHero.swift */; };
		EBDE9B8B1C453E3800E4B4C2 /* SuperHeroesRepository.swift in Sources */ = {isa = PBXBuildFile; fileRef = EBDE9B8A1C453E3800E4B4C2 /* SuperHeroesRepository.swift */; };
		EBDE9B8E1C45448F00E4B4C2 /* SuperHeroTableViewCell.swift in Sources */ = {isa = PBXBuildFile; fileRef = EBDE9B8D1C45448F00E4B4C2 /* SuperHeroTableViewCell.swift */; };
		FFDC92945030AE575B5718BE /* Pods_KataSuperHeroes.framework in Frameworks */ = {isa = PBXBuildFile; fileRef = 47D4911AFC6FE996A253C702 /* Pods_KataSuperHeroes.framework */; };
/* End PBXBuildFile section */

/* Begin PBXContainerItemProxy section */
		EBC230861C45016A007D5068 /* PBXContainerItemProxy */ = {
			isa = PBXContainerItemProxy;
			containerPortal = EBC230691C45016A007D5068 /* Project object */;
			proxyType = 1;
			remoteGlobalIDString = EBC230701C45016A007D5068;
			remoteInfo = KataSuperHeroes;
		};
/* End PBXContainerItemProxy section */

/* Begin PBXFileReference section */
		36941A129508D2B6B6D0E88A /* Pods-KataSuperHeroes.debug.xcconfig */ = {isa = PBXFileReference; includeInIndex = 1; lastKnownFileType = text.xcconfig; name = "Pods-KataSuperHeroes.debug.xcconfig"; path = "Pods/Target Support Files/Pods-KataSuperHeroes/Pods-KataSuperHeroes.debug.xcconfig"; sourceTree = "<group>"; };
		47D4911AFC6FE996A253C702 /* Pods_KataSuperHeroes.framework */ = {isa = PBXFileReference; explicitFileType = wrapper.framework; includeInIndex = 0; path = Pods_KataSuperHeroes.framework; sourceTree = BUILT_PRODUCTS_DIR; };
		49538C3F21F754150018AAC9 /* KataSuperHeroesStoryboard.swift */ = {isa = PBXFileReference; fileEncoding = 4; lastKnownFileType = sourcecode.swift; path = KataSuperHeroesStoryboard.swift; sourceTree = "<group>"; };
		49538C4121F754210018AAC9 /* SuperHeroesTableDataSource.swift */ = {isa = PBXFileReference; fileEncoding = 4; lastKnownFileType = sourcecode.swift; path = SuperHeroesTableDataSource.swift; sourceTree = "<group>"; };
		49538C4221F754210018AAC9 /* SuperHeroesTableViewDelegate.swift */ = {isa = PBXFileReference; fileEncoding = 4; lastKnownFileType = sourcecode.swift; path = SuperHeroesTableViewDelegate.swift; sourceTree = "<group>"; };
		49538C4621F754320018AAC9 /* LoadingView.swift */ = {isa = PBXFileReference; fileEncoding = 4; lastKnownFileType = sourcecode.swift; path = LoadingView.swift; sourceTree = "<group>"; };
		49538C4721F754320018AAC9 /* LoadingView.xib */ = {isa = PBXFileReference; fileEncoding = 4; lastKnownFileType = file.xib; path = LoadingView.xib; sourceTree = "<group>"; };
		4EA13799764338513A6EC853 /* Pods-KataSuperHeroes.release.xcconfig */ = {isa = PBXFileReference; includeInIndex = 1; lastKnownFileType = text.xcconfig; name = "Pods-KataSuperHeroes.release.xcconfig"; path = "Pods/Target Support Files/Pods-KataSuperHeroes/Pods-KataSuperHeroes.release.xcconfig"; sourceTree = "<group>"; };
		52BB6D7EC1A35D967ACA058D /* Pods_KataSuperHeroesTests.framework */ = {isa = PBXFileReference; explicitFileType = wrapper.framework; includeInIndex = 0; path = Pods_KataSuperHeroesTests.framework; sourceTree = BUILT_PRODUCTS_DIR; };
		7FC32F3D31A7392656DF9EC8 /* Pods.framework */ = {isa = PBXFileReference; explicitFileType = wrapper.framework; includeInIndex = 0; path = Pods.framework; sourceTree = BUILT_PRODUCTS_DIR; };
		91340F19D0D930E9F02F1DEA /* Pods-KataSuperHeroesTests.debug.xcconfig */ = {isa = PBXFileReference; includeInIndex = 1; lastKnownFileType = text.xcconfig; name = "Pods-KataSuperHeroesTests.debug.xcconfig"; path = "Pods/Target Support Files/Pods-KataSuperHeroesTests/Pods-KataSuperHeroesTests.debug.xcconfig"; sourceTree = "<group>"; };
		981F37EA85F06E461D7BE716 /* Pods-KataSuperHeroesTests.release.xcconfig */ = {isa = PBXFileReference; includeInIndex = 1; lastKnownFileType = text.xcconfig; name = "Pods-KataSuperHeroesTests.release.xcconfig"; path = "Pods/Target Support Files/Pods-KataSuperHeroesTests/Pods-KataSuperHeroesTests.release.xcconfig"; sourceTree = "<group>"; };
		EB8705FE1C46508E00B66C19 /* XCTestCase.swift */ = {isa = PBXFileReference; fileEncoding = 4; lastKnownFileType = sourcecode.swift; path = XCTestCase.swift; sourceTree = "<group>"; };
		EB8706001C46510300B66C19 /* KIFTestActor.swift */ = {isa = PBXFileReference; fileEncoding = 4; lastKnownFileType = sourcecode.swift; path = KIFTestActor.swift; sourceTree = "<group>"; };
		EB8706021C46513E00B66C19 /* SuperHeroesViewControllerTests.swift */ = {isa = PBXFileReference; fileEncoding = 4; lastKnownFileType = sourcecode.swift; path = SuperHeroesViewControllerTests.swift; sourceTree = "<group>"; };
		EB8706041C4653AC00B66C19 /* AcceptanceTestCase.swift */ = {isa = PBXFileReference; fileEncoding = 4; lastKnownFileType = sourcecode.swift; path = AcceptanceTestCase.swift; sourceTree = "<group>"; };
		EB8706081C4656C800B66C19 /* MockSuperHeroesRepository.swift */ = {isa = PBXFileReference; fileEncoding = 4; lastKnownFileType = sourcecode.swift; path = MockSuperHeroesRepository.swift; sourceTree = "<group>"; };
		EBC230711C45016A007D5068 /* KataSuperHeroes.app */ = {isa = PBXFileReference; explicitFileType = wrapper.application; includeInIndex = 0; path = KataSuperHeroes.app; sourceTree = BUILT_PRODUCTS_DIR; };
		EBC230741C45016A007D5068 /* AppDelegate.swift */ = {isa = PBXFileReference; lastKnownFileType = sourcecode.swift; path = AppDelegate.swift; sourceTree = "<group>"; };
		EBC230761C45016A007D5068 /* SuperHeroesViewController.swift */ = {isa = PBXFileReference; lastKnownFileType = sourcecode.swift; path = SuperHeroesViewController.swift; sourceTree = "<group>"; };
		EBC230791C45016A007D5068 /* Base */ = {isa = PBXFileReference; lastKnownFileType = file.storyboard; name = Base; path = Base.lproj/SuperHeroes.storyboard; sourceTree = "<group>"; };
		EBC2307B1C45016A007D5068 /* Assets.xcassets */ = {isa = PBXFileReference; lastKnownFileType = folder.assetcatalog; path = Assets.xcassets; sourceTree = "<group>"; };
		EBC2307E1C45016A007D5068 /* Base */ = {isa = PBXFileReference; lastKnownFileType = file.storyboard; name = Base; path = Base.lproj/LaunchScreen.storyboard; sourceTree = "<group>"; };
		EBC230801C45016A007D5068 /* Info.plist */ = {isa = PBXFileReference; lastKnownFileType = text.plist.xml; path = Info.plist; sourceTree = "<group>"; };
		EBC230851C45016A007D5068 /* KataSuperHeroesTests.xctest */ = {isa = PBXFileReference; explicitFileType = wrapper.cfbundle; includeInIndex = 0; path = KataSuperHeroesTests.xctest; sourceTree = BUILT_PRODUCTS_DIR; };
		EBC2308B1C45016A007D5068 /* Info.plist */ = {isa = PBXFileReference; lastKnownFileType = text.plist.xml; path = Info.plist; sourceTree = "<group>"; };
		EBDB2D081C4560D0001FC84B /* SuperHeroDetailViewController.swift */ = {isa = PBXFileReference; fileEncoding = 4; lastKnownFileType = sourcecode.swift; path = SuperHeroDetailViewController.swift; sourceTree = "<group>"; };
		EBDB2D0A1C456129001FC84B /* SuperHeroDetailPresenter.swift */ = {isa = PBXFileReference; fileEncoding = 4; lastKnownFileType = sourcecode.swift; path = SuperHeroDetailPresenter.swift; sourceTree = "<group>"; };
		EBDB2D0C1C456410001FC84B /* GetSuperHeroByName.swift */ = {isa = PBXFileReference; fileEncoding = 4; lastKnownFileType = sourcecode.swift; path = GetSuperHeroByName.swift; sourceTree = "<group>"; };
		EBDE9B781C4518EE00E4B4C2 /* ServiceLocator.swift */ = {isa = PBXFileReference; fileEncoding = 4; lastKnownFileType = sourcecode.swift; path = ServiceLocator.swift; sourceTree = "<group>"; };
		EBDE9B7B1C4519A400E4B4C2 /* UIColor.swift */ = {isa = PBXFileReference; fileEncoding = 4; lastKnownFileType = sourcecode.swift; path = UIColor.swift; sourceTree = "<group>"; };
		EBDE9B811C451CBB00E4B4C2 /* GetSuperHeroes.swift */ = {isa = PBXFileReference; fileEncoding = 4; lastKnownFileType = sourcecode.swift; path = GetSuperHeroes.swift; sourceTree = "<group>"; };
		EBDE9B831C451CE500E4B4C2 /* SuperHeroesPresenter.swift */ = {isa = PBXFileReference; fileEncoding = 4; lastKnownFileType = sourcecode.swift; path = SuperHeroesPresenter.swift; sourceTree = "<group>"; };
		EBDE9B861C4539B800E4B4C2 /* KataSuperHeroesViewController.swift */ = {isa = PBXFileReference; fileEncoding = 4; lastKnownFileType = sourcecode.swift; path = KataSuperHeroesViewController.swift; sourceTree = "<group>"; };
		EBDE9B881C453AEA00E4B4C2 /* SuperHero.swift */ = {isa = PBXFileReference; fileEncoding = 4; lastKnownFileType = sourcecode.swift; path = SuperHero.swift; sourceTree = "<group>"; };
		EBDE9B8A1C453E3800E4B4C2 /* SuperHeroesRepository.swift */ = {isa = PBXFileReference; fileEncoding = 4; lastKnownFileType = sourcecode.swift; path = SuperHeroesRepository.swift; sourceTree = "<group>"; };
		EBDE9B8D1C45448F00E4B4C2 /* SuperHeroTableViewCell.swift */ = {isa = PBXFileReference; fileEncoding = 4; lastKnownFileType = sourcecode.swift; path = SuperHeroTableViewCell.swift; sourceTree = "<group>"; };
/* End PBXFileReference section */

/* Begin PBXFrameworksBuildPhase section */
		EBC2306E1C45016A007D5068 /* Frameworks */ = {
			isa = PBXFrameworksBuildPhase;
			buildActionMask = 2147483647;
			files = (
				FFDC92945030AE575B5718BE /* Pods_KataSuperHeroes.framework in Frameworks */,
			);
			runOnlyForDeploymentPostprocessing = 0;
		};
		EBC230821C45016A007D5068 /* Frameworks */ = {
			isa = PBXFrameworksBuildPhase;
			buildActionMask = 2147483647;
			files = (
				2EF423110536FA1BE9F3D026 /* Pods_KataSuperHeroesTests.framework in Frameworks */,
			);
			runOnlyForDeploymentPostprocessing = 0;
		};
/* End PBXFrameworksBuildPhase section */

/* Begin PBXGroup section */
		49538C4521F754280018AAC9 /* Loading View */ = {
			isa = PBXGroup;
			children = (
				49538C4621F754320018AAC9 /* LoadingView.swift */,
				49538C4721F754320018AAC9 /* LoadingView.xib */,
			);
			name = "Loading View";
			sourceTree = "<group>";
		};
		516F777E8F08307FC0198642 /* Pods */ = {
			isa = PBXGroup;
			children = (
				36941A129508D2B6B6D0E88A /* Pods-KataSuperHeroes.debug.xcconfig */,
				4EA13799764338513A6EC853 /* Pods-KataSuperHeroes.release.xcconfig */,
				91340F19D0D930E9F02F1DEA /* Pods-KataSuperHeroesTests.debug.xcconfig */,
				981F37EA85F06E461D7BE716 /* Pods-KataSuperHeroesTests.release.xcconfig */,
			);
			name = Pods;
			sourceTree = "<group>";
		};
		EB8705FD1C46508400B66C19 /* Extensions */ = {
			isa = PBXGroup;
			children = (
				EB8705FE1C46508E00B66C19 /* XCTestCase.swift */,
				EB8706001C46510300B66C19 /* KIFTestActor.swift */,
			);
			name = Extensions;
			sourceTree = "<group>";
		};
		EB8706061C4653C400B66C19 /* Super Heroes */ = {
			isa = PBXGroup;
			children = (
				EB8706021C46513E00B66C19 /* SuperHeroesViewControllerTests.swift */,
			);
			name = "Super Heroes";
			sourceTree = "<group>";
		};
		EB8706071C4656B700B66C19 /* Test Doubles */ = {
			isa = PBXGroup;
			children = (
				EB8706081C4656C800B66C19 /* MockSuperHeroesRepository.swift */,
			);
			name = "Test Doubles";
			sourceTree = "<group>";
		};
		EBC230681C45016A007D5068 = {
			isa = PBXGroup;
			children = (
				EBC230731C45016A007D5068 /* KataSuperHeroes */,
				EBC230881C45016A007D5068 /* KataSuperHeroesTests */,
				EBC230721C45016A007D5068 /* Products */,
				F8DBCE5CE562FDFE08D23C5E /* Frameworks */,
				516F777E8F08307FC0198642 /* Pods */,
			);
			sourceTree = "<group>";
		};
		EBC230721C45016A007D5068 /* Products */ = {
			isa = PBXGroup;
			children = (
				EBC230711C45016A007D5068 /* KataSuperHeroes.app */,
				EBC230851C45016A007D5068 /* KataSuperHeroesTests.xctest */,
			);
			name = Products;
			sourceTree = "<group>";
		};
		EBC230731C45016A007D5068 /* KataSuperHeroes */ = {
			isa = PBXGroup;
			children = (
				EBDE9B7A1C45199100E4B4C2 /* Extensions */,
				EBDE9B761C4518A600E4B4C2 /* Super Heroes */,
				EBDE9B851C4539A100E4B4C2 /* View */,
				EBC230781C45016A007D5068 /* SuperHeroes.storyboard */,
				EBC230741C45016A007D5068 /* AppDelegate.swift */,
				EBC2307B1C45016A007D5068 /* Assets.xcassets */,
				EBC2307D1C45016A007D5068 /* LaunchScreen.storyboard */,
				EBC230801C45016A007D5068 /* Info.plist */,
				EBDE9B781C4518EE00E4B4C2 /* ServiceLocator.swift */,
			);
			path = KataSuperHeroes;
			sourceTree = "<group>";
		};
		EBC230881C45016A007D5068 /* KataSuperHeroesTests */ = {
			isa = PBXGroup;
			children = (
				EB8706061C4653C400B66C19 /* Super Heroes */,
				EB8706071C4656B700B66C19 /* Test Doubles */,
				EB8705FD1C46508400B66C19 /* Extensions */,
				EB8706041C4653AC00B66C19 /* AcceptanceTestCase.swift */,
				EBC2308B1C45016A007D5068 /* Info.plist */,
			);
			path = KataSuperHeroesTests;
			sourceTree = "<group>";
		};
		EBDE9B761C4518A600E4B4C2 /* Super Heroes */ = {
			isa = PBXGroup;
			children = (
				EBDE9B7F1C451CA600E4B4C2 /* Model */,
				EBDE9B7E1C451C9D00E4B4C2 /* Presenter */,
				EBDE9B7D1C451C3B00E4B4C2 /* View */,
			);
			name = "Super Heroes";
			sourceTree = "<group>";
		};
		EBDE9B7A1C45199100E4B4C2 /* Extensions */ = {
			isa = PBXGroup;
			children = (
				EBDE9B7B1C4519A400E4B4C2 /* UIColor.swift */,
			);
			name = Extensions;
			sourceTree = "<group>";
		};
		EBDE9B7D1C451C3B00E4B4C2 /* View */ = {
			isa = PBXGroup;
			children = (
				49538C4521F754280018AAC9 /* Loading View */,
				EBDE9B8C1C45448100E4B4C2 /* Table View */,
				EBC230761C45016A007D5068 /* SuperHeroesViewController.swift */,
				EBDB2D081C4560D0001FC84B /* SuperHeroDetailViewController.swift */,
			);
			name = View;
			sourceTree = "<group>";
		};
		EBDE9B7E1C451C9D00E4B4C2 /* Presenter */ = {
			isa = PBXGroup;
			children = (
				EBDE9B831C451CE500E4B4C2 /* SuperHeroesPresenter.swift */,
				EBDB2D0A1C456129001FC84B /* SuperHeroDetailPresenter.swift */,
			);
			name = Presenter;
			sourceTree = "<group>";
		};
		EBDE9B7F1C451CA600E4B4C2 /* Model */ = {
			isa = PBXGroup;
			children = (
				EBDE9B801C451CAF00E4B4C2 /* UseCase */,
				EBDE9B881C453AEA00E4B4C2 /* SuperHero.swift */,
				EBDE9B8A1C453E3800E4B4C2 /* SuperHeroesRepository.swift */,
			);
			name = Model;
			sourceTree = "<group>";
		};
		EBDE9B801C451CAF00E4B4C2 /* UseCase */ = {
			isa = PBXGroup;
			children = (
				EBDE9B811C451CBB00E4B4C2 /* GetSuperHeroes.swift */,
				EBDB2D0C1C456410001FC84B /* GetSuperHeroByName.swift */,
			);
			name = UseCase;
			sourceTree = "<group>";
		};
		EBDE9B851C4539A100E4B4C2 /* View */ = {
			isa = PBXGroup;
			children = (
				49538C3F21F754150018AAC9 /* KataSuperHeroesStoryboard.swift */,
				EBDE9B861C4539B800E4B4C2 /* KataSuperHeroesViewController.swift */,
			);
			name = View;
			sourceTree = "<group>";
		};
		EBDE9B8C1C45448100E4B4C2 /* Table View */ = {
			isa = PBXGroup;
			children = (
				49538C4121F754210018AAC9 /* SuperHeroesTableDataSource.swift */,
				49538C4221F754210018AAC9 /* SuperHeroesTableViewDelegate.swift */,
				EBDE9B8D1C45448F00E4B4C2 /* SuperHeroTableViewCell.swift */,
			);
			name = "Table View";
			sourceTree = "<group>";
		};
		F8DBCE5CE562FDFE08D23C5E /* Frameworks */ = {
			isa = PBXGroup;
			children = (
				7FC32F3D31A7392656DF9EC8 /* Pods.framework */,
				47D4911AFC6FE996A253C702 /* Pods_KataSuperHeroes.framework */,
				52BB6D7EC1A35D967ACA058D /* Pods_KataSuperHeroesTests.framework */,
			);
			name = Frameworks;
			sourceTree = "<group>";
		};
/* End PBXGroup section */

/* Begin PBXNativeTarget section */
		EBC230701C45016A007D5068 /* KataSuperHeroes */ = {
			isa = PBXNativeTarget;
			buildConfigurationList = EBC2308E1C45016A007D5068 /* Build configuration list for PBXNativeTarget "KataSuperHeroes" */;
			buildPhases = (
				288DFF5EAC8985EC42E180A7 /* [CP] Check Pods Manifest.lock */,
				EBC2306D1C45016A007D5068 /* Sources */,
				EBC2306E1C45016A007D5068 /* Frameworks */,
				EBC2306F1C45016A007D5068 /* Resources */,
				06A137A3E1ABACD75E568AD1 /* [CP] Embed Pods Frameworks */,
			);
			buildRules = (
			);
			dependencies = (
			);
			name = KataSuperHeroes;
			productName = KataSuperHeroes;
			productReference = EBC230711C45016A007D5068 /* KataSuperHeroes.app */;
			productType = "com.apple.product-type.application";
		};
		EBC230841C45016A007D5068 /* KataSuperHeroesTests */ = {
			isa = PBXNativeTarget;
			buildConfigurationList = EBC230911C45016A007D5068 /* Build configuration list for PBXNativeTarget "KataSuperHeroesTests" */;
			buildPhases = (
				369E165B10A0DC0F207BA93C /* [CP] Check Pods Manifest.lock */,
				EBC230811C45016A007D5068 /* Sources */,
				EBC230821C45016A007D5068 /* Frameworks */,
				EBC230831C45016A007D5068 /* Resources */,
				7BC4ED69427391369404A42D /* [CP] Embed Pods Frameworks */,
			);
			buildRules = (
			);
			dependencies = (
				EBC230871C45016A007D5068 /* PBXTargetDependency */,
			);
			name = KataSuperHeroesTests;
			productName = KataSuperHeroesTests;
			productReference = EBC230851C45016A007D5068 /* KataSuperHeroesTests.xctest */;
			productType = "com.apple.product-type.bundle.unit-test";
		};
/* End PBXNativeTarget section */

/* Begin PBXProject section */
		EBC230691C45016A007D5068 /* Project object */ = {
			isa = PBXProject;
			attributes = {
				LastSwiftUpdateCheck = 0720;
				LastUpgradeCheck = 0810;
				ORGANIZATIONNAME = GoKarumi;
				TargetAttributes = {
					EBC230701C45016A007D5068 = {
						CreatedOnToolsVersion = 7.2;
						LastSwiftMigration = 1010;
					};
					EBC230841C45016A007D5068 = {
						CreatedOnToolsVersion = 7.2;
						LastSwiftMigration = 1010;
						TestTargetID = EBC230701C45016A007D5068;
					};
				};
			};
			buildConfigurationList = EBC2306C1C45016A007D5068 /* Build configuration list for PBXProject "KataSuperHeroes" */;
			compatibilityVersion = "Xcode 3.2";
			developmentRegion = English;
			hasScannedForEncodings = 0;
			knownRegions = (
				en,
				Base,
			);
			mainGroup = EBC230681C45016A007D5068;
			productRefGroup = EBC230721C45016A007D5068 /* Products */;
			projectDirPath = "";
			projectRoot = "";
			targets = (
				EBC230701C45016A007D5068 /* KataSuperHeroes */,
				EBC230841C45016A007D5068 /* KataSuperHeroesTests */,
			);
		};
/* End PBXProject section */

/* Begin PBXResourcesBuildPhase section */
		EBC2306F1C45016A007D5068 /* Resources */ = {
			isa = PBXResourcesBuildPhase;
			buildActionMask = 2147483647;
			files = (
				EBC2307F1C45016A007D5068 /* LaunchScreen.storyboard in Resources */,
				49538C4921F754320018AAC9 /* LoadingView.xib in Resources */,
				EBC2307C1C45016A007D5068 /* Assets.xcassets in Resources */,
				EBC2307A1C45016A007D5068 /* SuperHeroes.storyboard in Resources */,
			);
			runOnlyForDeploymentPostprocessing = 0;
		};
		EBC230831C45016A007D5068 /* Resources */ = {
			isa = PBXResourcesBuildPhase;
			buildActionMask = 2147483647;
			files = (
			);
			runOnlyForDeploymentPostprocessing = 0;
		};
/* End PBXResourcesBuildPhase section */

/* Begin PBXShellScriptBuildPhase section */
		06A137A3E1ABACD75E568AD1 /* [CP] Embed Pods Frameworks */ = {
			isa = PBXShellScriptBuildPhase;
			buildActionMask = 2147483647;
			files = (
			);
			inputPaths = (
				"${SRCROOT}/Pods/Target Support Files/Pods-KataSuperHeroes/Pods-KataSuperHeroes-frameworks.sh",
				"${BUILT_PRODUCTS_DIR}/SDWebImage/SDWebImage.framework",
			);
			name = "[CP] Embed Pods Frameworks";
			outputPaths = (
				"${TARGET_BUILD_DIR}/${FRAMEWORKS_FOLDER_PATH}/SDWebImage.framework",
			);
			runOnlyForDeploymentPostprocessing = 0;
			shellPath = /bin/sh;
			shellScript = "\"${SRCROOT}/Pods/Target Support Files/Pods-KataSuperHeroes/Pods-KataSuperHeroes-frameworks.sh\"\n";
			showEnvVarsInLog = 0;
		};
		288DFF5EAC8985EC42E180A7 /* [CP] Check Pods Manifest.lock */ = {
			isa = PBXShellScriptBuildPhase;
			buildActionMask = 2147483647;
			files = (
			);
			inputPaths = (
				"${PODS_PODFILE_DIR_PATH}/Podfile.lock",
				"${PODS_ROOT}/Manifest.lock",
			);
			name = "[CP] Check Pods Manifest.lock";
			outputPaths = (
				"$(DERIVED_FILE_DIR)/Pods-KataSuperHeroes-checkManifestLockResult.txt",
			);
			runOnlyForDeploymentPostprocessing = 0;
			shellPath = /bin/sh;
			shellScript = "diff \"${PODS_PODFILE_DIR_PATH}/Podfile.lock\" \"${PODS_ROOT}/Manifest.lock\" > /dev/null\nif [ $? != 0 ] ; then\n    # print error to STDERR\n    echo \"error: The sandbox is not in sync with the Podfile.lock. Run 'pod install' or update your CocoaPods installation.\" >&2\n    exit 1\nfi\n# This output is used by Xcode 'outputs' to avoid re-running this script phase.\necho \"SUCCESS\" > \"${SCRIPT_OUTPUT_FILE_0}\"\n";
			showEnvVarsInLog = 0;
		};
		369E165B10A0DC0F207BA93C /* [CP] Check Pods Manifest.lock */ = {
			isa = PBXShellScriptBuildPhase;
			buildActionMask = 2147483647;
			files = (
			);
			inputPaths = (
				"${PODS_PODFILE_DIR_PATH}/Podfile.lock",
				"${PODS_ROOT}/Manifest.lock",
			);
			name = "[CP] Check Pods Manifest.lock";
			outputPaths = (
				"$(DERIVED_FILE_DIR)/Pods-KataSuperHeroesTests-checkManifestLockResult.txt",
			);
			runOnlyForDeploymentPostprocessing = 0;
			shellPath = /bin/sh;
			shellScript = "diff \"${PODS_PODFILE_DIR_PATH}/Podfile.lock\" \"${PODS_ROOT}/Manifest.lock\" > /dev/null\nif [ $? != 0 ] ; then\n    # print error to STDERR\n    echo \"error: The sandbox is not in sync with the Podfile.lock. Run 'pod install' or update your CocoaPods installation.\" >&2\n    exit 1\nfi\n# This output is used by Xcode 'outputs' to avoid re-running this script phase.\necho \"SUCCESS\" > \"${SCRIPT_OUTPUT_FILE_0}\"\n";
			showEnvVarsInLog = 0;
		};
		7BC4ED69427391369404A42D /* [CP] Embed Pods Frameworks */ = {
			isa = PBXShellScriptBuildPhase;
			buildActionMask = 2147483647;
			files = (
			);
			inputPaths = (
				"${SRCROOT}/Pods/Target Support Files/Pods-KataSuperHeroesTests/Pods-KataSuperHeroesTests-frameworks.sh",
				"${BUILT_PRODUCTS_DIR}/KIF/KIF.framework",
				"${BUILT_PRODUCTS_DIR}/Nimble/Nimble.framework",
			);
			name = "[CP] Embed Pods Frameworks";
			outputPaths = (
				"${TARGET_BUILD_DIR}/${FRAMEWORKS_FOLDER_PATH}/KIF.framework",
				"${TARGET_BUILD_DIR}/${FRAMEWORKS_FOLDER_PATH}/Nimble.framework",
			);
			runOnlyForDeploymentPostprocessing = 0;
			shellPath = /bin/sh;
			shellScript = "\"${SRCROOT}/Pods/Target Support Files/Pods-KataSuperHeroesTests/Pods-KataSuperHeroesTests-frameworks.sh\"\n";
			showEnvVarsInLog = 0;
		};
/* End PBXShellScriptBuildPhase section */

/* Begin PBXSourcesBuildPhase section */
		EBC2306D1C45016A007D5068 /* Sources */ = {
			isa = PBXSourcesBuildPhase;
			buildActionMask = 2147483647;
			files = (
				49538C4421F754210018AAC9 /* SuperHeroesTableViewDelegate.swift in Sources */,
				EBDE9B841C451CE500E4B4C2 /* SuperHeroesPresenter.swift in Sources */,
				EBDB2D0B1C456129001FC84B /* SuperHeroDetailPresenter.swift in Sources */,
				EBDE9B8E1C45448F00E4B4C2 /* SuperHeroTableViewCell.swift in Sources */,
				49538C4821F754320018AAC9 /* LoadingView.swift in Sources */,
				EBC230771C45016A007D5068 /* SuperHeroesViewController.swift in Sources */,
				EBDE9B8B1C453E3800E4B4C2 /* SuperHeroesRepository.swift in Sources */,
				49538C4021F754160018AAC9 /* KataSuperHeroesStoryboard.swift in Sources */,
				49538C4321F754210018AAC9 /* SuperHeroesTableDataSource.swift in Sources */,
				EBDE9B871C4539B800E4B4C2 /* KataSuperHeroesViewController.swift in Sources */,
				EBDB2D091C4560D0001FC84B /* SuperHeroDetailViewController.swift in Sources */,
				EBDE9B7C1C4519A400E4B4C2 /* UIColor.swift in Sources */,
				EBC230751C45016A007D5068 /* AppDelegate.swift in Sources */,
				EBDB2D0D1C456410001FC84B /* GetSuperHeroByName.swift in Sources */,
				EBDE9B821C451CBB00E4B4C2 /* GetSuperHeroes.swift in Sources */,
				EBDE9B791C4518EE00E4B4C2 /* ServiceLocator.swift in Sources */,
				EBDE9B891C453AEA00E4B4C2 /* SuperHero.swift in Sources */,
			);
			runOnlyForDeploymentPostprocessing = 0;
		};
		EBC230811C45016A007D5068 /* Sources */ = {
			isa = PBXSourcesBuildPhase;
			buildActionMask = 2147483647;
			files = (
				EB8706091C4656C800B66C19 /* MockSuperHeroesRepository.swift in Sources */,
				EB8706011C46510300B66C19 /* KIFTestActor.swift in Sources */,
				EB8705FF1C46508E00B66C19 /* XCTestCase.swift in Sources */,
				EB8706051C4653AC00B66C19 /* AcceptanceTestCase.swift in Sources */,
				EB8706031C46513E00B66C19 /* SuperHeroesViewControllerTests.swift in Sources */,
			);
			runOnlyForDeploymentPostprocessing = 0;
		};
/* End PBXSourcesBuildPhase section */

/* Begin PBXTargetDependency section */
		EBC230871C45016A007D5068 /* PBXTargetDependency */ = {
			isa = PBXTargetDependency;
			target = EBC230701C45016A007D5068 /* KataSuperHeroes */;
			targetProxy = EBC230861C45016A007D5068 /* PBXContainerItemProxy */;
		};
/* End PBXTargetDependency section */

/* Begin PBXVariantGroup section */
		EBC230781C45016A007D5068 /* SuperHeroes.storyboard */ = {
			isa = PBXVariantGroup;
			children = (
				EBC230791C45016A007D5068 /* Base */,
			);
			name = SuperHeroes.storyboard;
			sourceTree = "<group>";
		};
		EBC2307D1C45016A007D5068 /* LaunchScreen.storyboard */ = {
			isa = PBXVariantGroup;
			children = (
				EBC2307E1C45016A007D5068 /* Base */,
			);
			name = LaunchScreen.storyboard;
			sourceTree = "<group>";
		};
/* End PBXVariantGroup section */

/* Begin XCBuildConfiguration section */
		EBC2308C1C45016A007D5068 /* Debug */ = {
			isa = XCBuildConfiguration;
			buildSettings = {
				ALWAYS_SEARCH_USER_PATHS = NO;
				CLANG_CXX_LANGUAGE_STANDARD = "gnu++0x";
				CLANG_CXX_LIBRARY = "libc++";
				CLANG_ENABLE_MODULES = YES;
				CLANG_ENABLE_OBJC_ARC = YES;
				CLANG_WARN_BOOL_CONVERSION = YES;
				CLANG_WARN_CONSTANT_CONVERSION = YES;
				CLANG_WARN_DIRECT_OBJC_ISA_USAGE = YES_ERROR;
				CLANG_WARN_EMPTY_BODY = YES;
				CLANG_WARN_ENUM_CONVERSION = YES;
				CLANG_WARN_INFINITE_RECURSION = YES;
				CLANG_WARN_INT_CONVERSION = YES;
				CLANG_WARN_OBJC_ROOT_CLASS = YES_ERROR;
				CLANG_WARN_SUSPICIOUS_MOVE = YES;
				CLANG_WARN_UNREACHABLE_CODE = YES;
				CLANG_WARN__DUPLICATE_METHOD_MATCH = YES;
				"CODE_SIGN_IDENTITY[sdk=iphoneos*]" = "iPhone Developer";
				COPY_PHASE_STRIP = NO;
				DEBUG_INFORMATION_FORMAT = dwarf;
				ENABLE_STRICT_OBJC_MSGSEND = YES;
				ENABLE_TESTABILITY = YES;
				GCC_C_LANGUAGE_STANDARD = gnu99;
				GCC_DYNAMIC_NO_PIC = NO;
				GCC_NO_COMMON_BLOCKS = YES;
				GCC_OPTIMIZATION_LEVEL = 0;
				GCC_PREPROCESSOR_DEFINITIONS = (
					"DEBUG=1",
					"$(inherited)",
				);
				GCC_WARN_64_TO_32_BIT_CONVERSION = YES;
				GCC_WARN_ABOUT_RETURN_TYPE = YES_ERROR;
				GCC_WARN_UNDECLARED_SELECTOR = YES;
				GCC_WARN_UNINITIALIZED_AUTOS = YES_AGGRESSIVE;
				GCC_WARN_UNUSED_FUNCTION = YES;
				GCC_WARN_UNUSED_VARIABLE = YES;
				IPHONEOS_DEPLOYMENT_TARGET = 9.2;
				MTL_ENABLE_DEBUG_INFO = YES;
				ONLY_ACTIVE_ARCH = YES;
				SDKROOT = iphoneos;
				SWIFT_OPTIMIZATION_LEVEL = "-Onone";
				SWIFT_VERSION = 4.0;
			};
			name = Debug;
		};
		EBC2308D1C45016A007D5068 /* Release */ = {
			isa = XCBuildConfiguration;
			buildSettings = {
				ALWAYS_SEARCH_USER_PATHS = NO;
				CLANG_CXX_LANGUAGE_STANDARD = "gnu++0x";
				CLANG_CXX_LIBRARY = "libc++";
				CLANG_ENABLE_MODULES = YES;
				CLANG_ENABLE_OBJC_ARC = YES;
				CLANG_WARN_BOOL_CONVERSION = YES;
				CLANG_WARN_CONSTANT_CONVERSION = YES;
				CLANG_WARN_DIRECT_OBJC_ISA_USAGE = YES_ERROR;
				CLANG_WARN_EMPTY_BODY = YES;
				CLANG_WARN_ENUM_CONVERSION = YES;
				CLANG_WARN_INFINITE_RECURSION = YES;
				CLANG_WARN_INT_CONVERSION = YES;
				CLANG_WARN_OBJC_ROOT_CLASS = YES_ERROR;
				CLANG_WARN_SUSPICIOUS_MOVE = YES;
				CLANG_WARN_UNREACHABLE_CODE = YES;
				CLANG_WARN__DUPLICATE_METHOD_MATCH = YES;
				"CODE_SIGN_IDENTITY[sdk=iphoneos*]" = "iPhone Developer";
				COPY_PHASE_STRIP = NO;
				DEBUG_INFORMATION_FORMAT = "dwarf-with-dsym";
				ENABLE_NS_ASSERTIONS = NO;
				ENABLE_STRICT_OBJC_MSGSEND = YES;
				GCC_C_LANGUAGE_STANDARD = gnu99;
				GCC_NO_COMMON_BLOCKS = YES;
				GCC_WARN_64_TO_32_BIT_CONVERSION = YES;
				GCC_WARN_ABOUT_RETURN_TYPE = YES_ERROR;
				GCC_WARN_UNDECLARED_SELECTOR = YES;
				GCC_WARN_UNINITIALIZED_AUTOS = YES_AGGRESSIVE;
				GCC_WARN_UNUSED_FUNCTION = YES;
				GCC_WARN_UNUSED_VARIABLE = YES;
				IPHONEOS_DEPLOYMENT_TARGET = 9.2;
				MTL_ENABLE_DEBUG_INFO = NO;
				SDKROOT = iphoneos;
				SWIFT_OPTIMIZATION_LEVEL = "-Owholemodule";
				SWIFT_VERSION = 4.0;
				VALIDATE_PRODUCT = YES;
			};
			name = Release;
		};
		EBC2308F1C45016A007D5068 /* Debug */ = {
			isa = XCBuildConfiguration;
			baseConfigurationReference = 36941A129508D2B6B6D0E88A /* Pods-KataSuperHeroes.debug.xcconfig */;
			buildSettings = {
				ALWAYS_EMBED_SWIFT_STANDARD_LIBRARIES = "$(inherited)";
				ASSETCATALOG_COMPILER_APPICON_NAME = AppIcon;
				INFOPLIST_FILE = KataSuperHeroes/Info.plist;
				LD_RUNPATH_SEARCH_PATHS = "$(inherited) @executable_path/Frameworks";
				PRODUCT_BUNDLE_IDENTIFIER = com.karumi.katasuperheroes;
				PRODUCT_NAME = "$(TARGET_NAME)";
				SWIFT_VERSION = 4.2;
			};
			name = Debug;
		};
		EBC230901C45016A007D5068 /* Release */ = {
			isa = XCBuildConfiguration;
			baseConfigurationReference = 4EA13799764338513A6EC853 /* Pods-KataSuperHeroes.release.xcconfig */;
			buildSettings = {
				ALWAYS_EMBED_SWIFT_STANDARD_LIBRARIES = "$(inherited)";
				ASSETCATALOG_COMPILER_APPICON_NAME = AppIcon;
				INFOPLIST_FILE = KataSuperHeroes/Info.plist;
				LD_RUNPATH_SEARCH_PATHS = "$(inherited) @executable_path/Frameworks";
				PRODUCT_BUNDLE_IDENTIFIER = com.karumi.katasuperheroes;
				PRODUCT_NAME = "$(TARGET_NAME)";
				SWIFT_VERSION = 4.2;
			};
			name = Release;
		};
		EBC230921C45016A007D5068 /* Debug */ = {
			isa = XCBuildConfiguration;
			baseConfigurationReference = 91340F19D0D930E9F02F1DEA /* Pods-KataSuperHeroesTests.debug.xcconfig */;
			buildSettings = {
				ALWAYS_EMBED_SWIFT_STANDARD_LIBRARIES = "$(inherited)";
				BUNDLE_LOADER = "$(TEST_HOST)";
				INFOPLIST_FILE = KataSuperHeroesTests/Info.plist;
				LD_RUNPATH_SEARCH_PATHS = "$(inherited) @executable_path/Frameworks @loader_path/Frameworks";
				PRODUCT_BUNDLE_IDENTIFIER = com.karumi.KataSuperHeroesTests;
				PRODUCT_NAME = "$(TARGET_NAME)";
				SWIFT_VERSION = 4.2;
				TEST_HOST = "$(BUILT_PRODUCTS_DIR)/KataSuperHeroes.app/KataSuperHeroes";
			};
			name = Debug;
		};
		EBC230931C45016A007D5068 /* Release */ = {
			isa = XCBuildConfiguration;
			baseConfigurationReference = 981F37EA85F06E461D7BE716 /* Pods-KataSuperHeroesTests.release.xcconfig */;
			buildSettings = {
				ALWAYS_EMBED_SWIFT_STANDARD_LIBRARIES = "$(inherited)";
				BUNDLE_LOADER = "$(TEST_HOST)";
				INFOPLIST_FILE = KataSuperHeroesTests/Info.plist;
				LD_RUNPATH_SEARCH_PATHS = "$(inherited) @executable_path/Frameworks @loader_path/Frameworks";
				PRODUCT_BUNDLE_IDENTIFIER = com.karumi.KataSuperHeroesTests;
				PRODUCT_NAME = "$(TARGET_NAME)";
				SWIFT_VERSION = 4.2;
				TEST_HOST = "$(BUILT_PRODUCTS_DIR)/KataSuperHeroes.app/KataSuperHeroes";
			};
			name = Release;
		};
/* End XCBuildConfiguration section */

/* Begin XCConfigurationList section */
		EBC2306C1C45016A007D5068 /* Build configuration list for PBXProject "KataSuperHeroes" */ = {
			isa = XCConfigurationList;
			buildConfigurations = (
				EBC2308C1C45016A007D5068 /* Debug */,
				EBC2308D1C45016A007D5068 /* Release */,
			);
			defaultConfigurationIsVisible = 0;
			defaultConfigurationName = Release;
		};
		EBC2308E1C45016A007D5068 /* Build configuration list for PBXNativeTarget "KataSuperHeroes" */ = {
			isa = XCConfigurationList;
			buildConfigurations = (
				EBC2308F1C45016A007D5068 /* Debug */,
				EBC230901C45016A007D5068 /* Release */,
			);
			defaultConfigurationIsVisible = 0;
			defaultConfigurationName = Release;
		};
		EBC230911C45016A007D5068 /* Build configuration list for PBXNativeTarget "KataSuperHeroesTests" */ = {
			isa = XCConfigurationList;
			buildConfigurations = (
				EBC230921C45016A007D5068 /* Debug */,
				EBC230931C45016A007D5068 /* Release */,
			);
			defaultConfigurationIsVisible = 0;
			defaultConfigurationName = Release;
		};
/* End XCConfigurationList section */
	};
	rootObject = EBC230691C45016A007D5068 /* Project object */;
}
