// !$*UTF8*$!
{
	archiveVersion = 1;
	classes = {
	};
	objectVersion = 46;
	objects = {

/* Begin PBXBuildFile section */
		EBC230751C45016A007D5068 /* AppDelegate.swift in Sources */ = {isa = PBXBuildFile; fileRef = EBC230741C45016A007D5068 /* AppDelegate.swift */; };
		EBC230771C45016A007D5068 /* ViewController.swift in Sources */ = {isa = PBXBuildFile; fileRef = EBC230761C45016A007D5068 /* ViewController.swift */; };
		EBC2307A1C45016A007D5068 /* Main.storyboard in Resources */ = {isa = PBXBuildFile; fileRef = EBC230781C45016A007D5068 /* Main.storyboard */; };
		EBC2307C1C45016A007D5068 /* Assets.xcassets in Resources */ = {isa = PBXBuildFile; fileRef = EBC2307B1C45016A007D5068 /* Assets.xcassets */; };
		EBC2307F1C45016A007D5068 /* LaunchScreen.storyboard in Resources */ = {isa = PBXBuildFile; fileRef = EBC2307D1C45016A007D5068 /* LaunchScreen.storyboard */; };
		EBC2308A1C45016A007D5068 /* KataSuperHeroesTests.swift in Sources */ = {isa = PBXBuildFile; fileRef = EBC230891C45016A007D5068 /* KataSuperHeroesTests.swift */; };
/* End PBXBuildFile section */

/* Begin PBXContainerItemProxy section */
		EBC230861C45016A007D5068 /* PBXContainerItemProxy */ = {
			isa = PBXContainerItemProxy;
			containerPortal = EBC230691C45016A007D5068 /* Project object */;
			proxyType = 1;
			remoteGlobalIDString = EBC230701C45016A007D5068;
			remoteInfo = KataSuperHeroes;
		};
/* End PBXContainerItemProxy section */

/* Begin PBXFileReference section */
		EBC230711C45016A007D5068 /* KataSuperHeroes.app */ = {isa = PBXFileReference; explicitFileType = wrapper.application; includeInIndex = 0; path = KataSuperHeroes.app; sourceTree = BUILT_PRODUCTS_DIR; };
		EBC230741C45016A007D5068 /* AppDelegate.swift */ = {isa = PBXFileReference; lastKnownFileType = sourcecode.swift; path = AppDelegate.swift; sourceTree = "<group>"; };
		EBC230761C45016A007D5068 /* ViewController.swift */ = {isa = PBXFileReference; lastKnownFileType = sourcecode.swift; path = ViewController.swift; sourceTree = "<group>"; };
		EBC230791C45016A007D5068 /* Base */ = {isa = PBXFileReference; lastKnownFileType = file.storyboard; name = Base; path = Base.lproj/Main.storyboard; sourceTree = "<group>"; };
		EBC2307B1C45016A007D5068 /* Assets.xcassets */ = {isa = PBXFileReference; lastKnownFileType = folder.assetcatalog; path = Assets.xcassets; sourceTree = "<group>"; };
		EBC2307E1C45016A007D5068 /* Base */ = {isa = PBXFileReference; lastKnownFileType = file.storyboard; name = Base; path = Base.lproj/LaunchScreen.storyboard; sourceTree = "<group>"; };
		EBC230801C45016A007D5068 /* Info.plist */ = {isa = PBXFileReference; lastKnownFileType = text.plist.xml; path = Info.plist; sourceTree = "<group>"; };
		EBC230851C45016A007D5068 /* KataSuperHeroesTests.xctest */ = {isa = PBXFileReference; explicitFileType = wrapper.cfbundle; includeInIndex = 0; path = KataSuperHeroesTests.xctest; sourceTree = BUILT_PRODUCTS_DIR; };
		EBC230891C45016A007D5068 /* KataSuperHeroesTests.swift */ = {isa = PBXFileReference; lastKnownFileType = sourcecode.swift; path = KataSuperHeroesTests.swift; sourceTree = "<group>"; };
		EBC2308B1C45016A007D5068 /* Info.plist */ = {isa = PBXFileReference; lastKnownFileType = text.plist.xml; path = Info.plist; sourceTree = "<group>"; };
/* End PBXFileReference section */

/* Begin PBXFrameworksBuildPhase section */
		EBC2306E1C45016A007D5068 /* Frameworks */ = {
			isa = PBXFrameworksBuildPhase;
			buildActionMask = 2147483647;
			files = (
			);
			runOnlyForDeploymentPostprocessing = 0;
		};
		EBC230821C45016A007D5068 /* Frameworks */ = {
			isa = PBXFrameworksBuildPhase;
			buildActionMask = 2147483647;
			files = (
			);
			runOnlyForDeploymentPostprocessing = 0;
		};
/* End PBXFrameworksBuildPhase section */

/* Begin PBXGroup section */
		EBC230681C45016A007D5068 = {
			isa = PBXGroup;
			children = (
				EBC230731C45016A007D5068 /* KataSuperHeroes */,
				EBC230881C45016A007D5068 /* KataSuperHeroesTests */,
				EBC230721C45016A007D5068 /* Products */,
			);
			sourceTree = "<group>";
		};
		EBC230721C45016A007D5068 /* Products */ = {
			isa = PBXGroup;
			children = (
				EBC230711C45016A007D5068 /* KataSuperHeroes.app */,
				EBC230851C45016A007D5068 /* KataSuperHeroesTests.xctest */,
			);
			name = Products;
			sourceTree = "<group>";
		};
		EBC230731C45016A007D5068 /* KataSuperHeroes */ = {
			isa = PBXGroup;
			children = (
				EBC230741C45016A007D5068 /* AppDelegate.swift */,
				EBC230761C45016A007D5068 /* ViewController.swift */,
				EBC230781C45016A007D5068 /* Main.storyboard */,
				EBC2307B1C45016A007D5068 /* Assets.xcassets */,
				EBC2307D1C45016A007D5068 /* LaunchScreen.storyboard */,
				EBC230801C45016A007D5068 /* Info.plist */,
			);
			path = KataSuperHeroes;
			sourceTree = "<group>";
		};
		EBC230881C45016A007D5068 /* KataSuperHeroesTests */ = {
			isa = PBXGroup;
			children = (
				EBC230891C45016A007D5068 /* KataSuperHeroesTests.swift */,
				EBC2308B1C45016A007D5068 /* Info.plist */,
			);
			path = KataSuperHeroesTests;
			sourceTree = "<group>";
		};
/* End PBXGroup section */

/* Begin PBXNativeTarget section */
		EBC230701C45016A007D5068 /* KataSuperHeroes */ = {
			isa = PBXNativeTarget;
			buildConfigurationList = EBC2308E1C45016A007D5068 /* Build configuration list for PBXNativeTarget "KataSuperHeroes" */;
			buildPhases = (
				EBC2306D1C45016A007D5068 /* Sources */,
				EBC2306E1C45016A007D5068 /* Frameworks */,
				EBC2306F1C45016A007D5068 /* Resources */,
			);
			buildRules = (
			);
			dependencies = (
			);
			name = KataSuperHeroes;
			productName = KataSuperHeroes;
			productReference = EBC230711C45016A007D5068 /* KataSuperHeroes.app */;
			productType = "com.apple.product-type.application";
		};
		EBC230841C45016A007D5068 /* KataSuperHeroesTests */ = {
			isa = PBXNativeTarget;
			buildConfigurationList = EBC230911C45016A007D5068 /* Build configuration list for PBXNativeTarget "KataSuperHeroesTests" */;
			buildPhases = (
				EBC230811C45016A007D5068 /* Sources */,
				EBC230821C45016A007D5068 /* Frameworks */,
				EBC230831C45016A007D5068 /* Resources */,
			);
			buildRules = (
			);
			dependencies = (
				EBC230871C45016A007D5068 /* PBXTargetDependency */,
			);
			name = KataSuperHeroesTests;
			productName = KataSuperHeroesTests;
			productReference = EBC230851C45016A007D5068 /* KataSuperHeroesTests.xctest */;
			productType = "com.apple.product-type.bundle.unit-test";
		};
/* End PBXNativeTarget section */

/* Begin PBXProject section */
		EBC230691C45016A007D5068 /* Project object */ = {
			isa = PBXProject;
			attributes = {
				LastSwiftUpdateCheck = 0720;
				LastUpgradeCheck = 0720;
				ORGANIZATIONNAME = GoKarumi;
				TargetAttributes = {
					EBC230701C45016A007D5068 = {
						CreatedOnToolsVersion = 7.2;
					};
					EBC230841C45016A007D5068 = {
						CreatedOnToolsVersion = 7.2;
						TestTargetID = EBC230701C45016A007D5068;
					};
				};
			};
			buildConfigurationList = EBC2306C1C45016A007D5068 /* Build configuration list for PBXProject "KataSuperHeroes" */;
			compatibilityVersion = "Xcode 3.2";
			developmentRegion = English;
			hasScannedForEncodings = 0;
			knownRegions = (
				en,
				Base,
			);
			mainGroup = EBC230681C45016A007D5068;
			productRefGroup = EBC230721C45016A007D5068 /* Products */;
			projectDirPath = "";
			projectRoot = "";
			targets = (
				EBC230701C45016A007D5068 /* KataSuperHeroes */,
				EBC230841C45016A007D5068 /* KataSuperHeroesTests */,
			);
		};
/* End PBXProject section */

/* Begin PBXResourcesBuildPhase section */
		EBC2306F1C45016A007D5068 /* Resources */ = {
			isa = PBXResourcesBuildPhase;
			buildActionMask = 2147483647;
			files = (
				EBC2307F1C45016A007D5068 /* LaunchScreen.storyboard in Resources */,
				EBC2307C1C45016A007D5068 /* Assets.xcassets in Resources */,
				EBC2307A1C45016A007D5068 /* Main.storyboard in Resources */,
			);
			runOnlyForDeploymentPostprocessing = 0;
		};
		EBC230831C45016A007D5068 /* Resources */ = {
			isa = PBXResourcesBuildPhase;
			buildActionMask = 2147483647;
			files = (
			);
			runOnlyForDeploymentPostprocessing = 0;
		};
/* End PBXResourcesBuildPhase section */

/* Begin PBXSourcesBuildPhase section */
		EBC2306D1C45016A007D5068 /* Sources */ = {
			isa = PBXSourcesBuildPhase;
			buildActionMask = 2147483647;
			files = (
				EBC230771C45016A007D5068 /* ViewController.swift in Sources */,
				EBC230751C45016A007D5068 /* AppDelegate.swift in Sources */,
			);
			runOnlyForDeploymentPostprocessing = 0;
		};
		EBC230811C45016A007D5068 /* Sources */ = {
			isa = PBXSourcesBuildPhase;
			buildActionMask = 2147483647;
			files = (
				EBC2308A1C45016A007D5068 /* KataSuperHeroesTests.swift in Sources */,
			);
			runOnlyForDeploymentPostprocessing = 0;
		};
/* End PBXSourcesBuildPhase section */

/* Begin PBXTargetDependency section */
		EBC230871C45016A007D5068 /* PBXTargetDependency */ = {
			isa = PBXTargetDependency;
			target = EBC230701C45016A007D5068 /* KataSuperHeroes */;
			targetProxy = EBC230861C45016A007D5068 /* PBXContainerItemProxy */;
		};
/* End PBXTargetDependency section */

/* Begin PBXVariantGroup section */
		EBC230781C45016A007D5068 /* Main.storyboard */ = {
			isa = PBXVariantGroup;
			children = (
				EBC230791C45016A007D5068 /* Base */,
			);
			name = Main.storyboard;
			sourceTree = "<group>";
		};
		EBC2307D1C45016A007D5068 /* LaunchScreen.storyboard */ = {
			isa = PBXVariantGroup;
			children = (
				EBC2307E1C45016A007D5068 /* Base */,
			);
			name = LaunchScreen.storyboard;
			sourceTree = "<group>";
		};
/* End PBXVariantGroup section */

/* Begin XCBuildConfiguration section */
		EBC2308C1C45016A007D5068 /* Debug */ = {
			isa = XCBuildConfiguration;
			buildSettings = {
				ALWAYS_SEARCH_USER_PATHS = NO;
				CLANG_CXX_LANGUAGE_STANDARD = "gnu++0x";
				CLANG_CXX_LIBRARY = "libc++";
				CLANG_ENABLE_MODULES = YES;
				CLANG_ENABLE_OBJC_ARC = YES;
				CLANG_WARN_BOOL_CONVERSION = YES;
				CLANG_WARN_CONSTANT_CONVERSION = YES;
				CLANG_WARN_DIRECT_OBJC_ISA_USAGE = YES_ERROR;
				CLANG_WARN_EMPTY_BODY = YES;
				CLANG_WARN_ENUM_CONVERSION = YES;
				CLANG_WARN_INT_CONVERSION = YES;
				CLANG_WARN_OBJC_ROOT_CLASS = YES_ERROR;
				CLANG_WARN_UNREACHABLE_CODE = YES;
				CLANG_WARN__DUPLICATE_METHOD_MATCH = YES;
				"CODE_SIGN_IDENTITY[sdk=iphoneos*]" = "iPhone Developer";
				COPY_PHASE_STRIP = NO;
				DEBUG_INFORMATION_FORMAT = dwarf;
				ENABLE_STRICT_OBJC_MSGSEND = YES;
				ENABLE_TESTABILITY = YES;
				GCC_C_LANGUAGE_STANDARD = gnu99;
				GCC_DYNAMIC_NO_PIC = NO;
				GCC_NO_COMMON_BLOCKS = YES;
				GCC_OPTIMIZATION_LEVEL = 0;
				GCC_PREPROCESSOR_DEFINITIONS = (
					"DEBUG=1",
					"$(inherited)",
				);
				GCC_WARN_64_TO_32_BIT_CONVERSION = YES;
				GCC_WARN_ABOUT_RETURN_TYPE = YES_ERROR;
				GCC_WARN_UNDECLARED_SELECTOR = YES;
				GCC_WARN_UNINITIALIZED_AUTOS = YES_AGGRESSIVE;
				GCC_WARN_UNUSED_FUNCTION = YES;
				GCC_WARN_UNUSED_VARIABLE = YES;
				IPHONEOS_DEPLOYMENT_TARGET = 9.2;
				MTL_ENABLE_DEBUG_INFO = YES;
				ONLY_ACTIVE_ARCH = YES;
				SDKROOT = iphoneos;
				SWIFT_OPTIMIZATION_LEVEL = "-Onone";
			};
			name = Debug;
		};
		EBC2308D1C45016A007D5068 /* Release */ = {
			isa = XCBuildConfiguration;
			buildSettings = {
				ALWAYS_SEARCH_USER_PATHS = NO;
				CLANG_CXX_LANGUAGE_STANDARD = "gnu++0x";
				CLANG_CXX_LIBRARY = "libc++";
				CLANG_ENABLE_MODULES = YES;
				CLANG_ENABLE_OBJC_ARC = YES;
				CLANG_WARN_BOOL_CONVERSION = YES;
				CLANG_WARN_CONSTANT_CONVERSION = YES;
				CLANG_WARN_DIRECT_OBJC_ISA_USAGE = YES_ERROR;
				CLANG_WARN_EMPTY_BODY = YES;
				CLANG_WARN_ENUM_CONVERSION = YES;
				CLANG_WARN_INT_CONVERSION = YES;
				CLANG_WARN_OBJC_ROOT_CLASS = YES_ERROR;
				CLANG_WARN_UNREACHABLE_CODE = YES;
				CLANG_WARN__DUPLICATE_METHOD_MATCH = YES;
				"CODE_SIGN_IDENTITY[sdk=iphoneos*]" = "iPhone Developer";
				COPY_PHASE_STRIP = NO;
				DEBUG_INFORMATION_FORMAT = "dwarf-with-dsym";
				ENABLE_NS_ASSERTIONS = NO;
				ENABLE_STRICT_OBJC_MSGSEND = YES;
				GCC_C_LANGUAGE_STANDARD = gnu99;
				GCC_NO_COMMON_BLOCKS = YES;
				GCC_WARN_64_TO_32_BIT_CONVERSION = YES;
				GCC_WARN_ABOUT_RETURN_TYPE = YES_ERROR;
				GCC_WARN_UNDECLARED_SELECTOR = YES;
				GCC_WARN_UNINITIALIZED_AUTOS = YES_AGGRESSIVE;
				GCC_WARN_UNUSED_FUNCTION = YES;
				GCC_WARN_UNUSED_VARIABLE = YES;
				IPHONEOS_DEPLOYMENT_TARGET = 9.2;
				MTL_ENABLE_DEBUG_INFO = NO;
				SDKROOT = iphoneos;
				VALIDATE_PRODUCT = YES;
			};
			name = Release;
		};
		EBC2308F1C45016A007D5068 /* Debug */ = {
			isa = XCBuildConfiguration;
			buildSettings = {
				ASSETCATALOG_COMPILER_APPICON_NAME = AppIcon;
				INFOPLIST_FILE = KataSuperHeroes/Info.plist;
				LD_RUNPATH_SEARCH_PATHS = "$(inherited) @executable_path/Frameworks";
				PRODUCT_BUNDLE_IDENTIFIER = com.karumi.KataSuperHeroes;
				PRODUCT_NAME = "$(TARGET_NAME)";
			};
			name = Debug;
		};
		EBC230901C45016A007D5068 /* Release */ = {
			isa = XCBuildConfiguration;
			buildSettings = {
				ASSETCATALOG_COMPILER_APPICON_NAME = AppIcon;
				INFOPLIST_FILE = KataSuperHeroes/Info.plist;
				LD_RUNPATH_SEARCH_PATHS = "$(inherited) @executable_path/Frameworks";
				PRODUCT_BUNDLE_IDENTIFIER = com.karumi.KataSuperHeroes;
				PRODUCT_NAME = "$(TARGET_NAME)";
			};
			name = Release;
		};
		EBC230921C45016A007D5068 /* Debug */ = {
			isa = XCBuildConfiguration;
			buildSettings = {
				BUNDLE_LOADER = "$(TEST_HOST)";
				INFOPLIST_FILE = KataSuperHeroesTests/Info.plist;
				LD_RUNPATH_SEARCH_PATHS = "$(inherited) @executable_path/Frameworks @loader_path/Frameworks";
				PRODUCT_BUNDLE_IDENTIFIER = com.karumi.KataSuperHeroesTests;
				PRODUCT_NAME = "$(TARGET_NAME)";
				TEST_HOST = "$(BUILT_PRODUCTS_DIR)/KataSuperHeroes.app/KataSuperHeroes";
			};
			name = Debug;
		};
		EBC230931C45016A007D5068 /* Release */ = {
			isa = XCBuildConfiguration;
			buildSettings = {
				BUNDLE_LOADER = "$(TEST_HOST)";
				INFOPLIST_FILE = KataSuperHeroesTests/Info.plist;
				LD_RUNPATH_SEARCH_PATHS = "$(inherited) @executable_path/Frameworks @loader_path/Frameworks";
				PRODUCT_BUNDLE_IDENTIFIER = com.karumi.KataSuperHeroesTests;
				PRODUCT_NAME = "$(TARGET_NAME)";
				TEST_HOST = "$(BUILT_PRODUCTS_DIR)/KataSuperHeroes.app/KataSuperHeroes";
			};
			name = Release;
		};
/* End XCBuildConfiguration section */

/* Begin XCConfigurationList section */
		EBC2306C1C45016A007D5068 /* Build configuration list for PBXProject "KataSuperHeroes" */ = {
			isa = XCConfigurationList;
			buildConfigurations = (
				EBC2308C1C45016A007D5068 /* Debug */,
				EBC2308D1C45016A007D5068 /* Release */,
			);
			defaultConfigurationIsVisible = 0;
			defaultConfigurationName = Release;
		};
		EBC2308E1C45016A007D5068 /* Build configuration list for PBXNativeTarget "KataSuperHeroes" */ = {
			isa = XCConfigurationList;
			buildConfigurations = (
				EBC2308F1C45016A007D5068 /* Debug */,
				EBC230901C45016A007D5068 /* Release */,
			);
			defaultConfigurationIsVisible = 0;
		};
		EBC230911C45016A007D5068 /* Build configuration list for PBXNativeTarget "KataSuperHeroesTests" */ = {
			isa = XCConfigurationList;
			buildConfigurations = (
				EBC230921C45016A007D5068 /* Debug */,
				EBC230931C45016A007D5068 /* Release */,
			);
			defaultConfigurationIsVisible = 0;
		};
/* End XCConfigurationList section */
	};
	rootObject = EBC230691C45016A007D5068 /* Project object */;
}
